{
  "nodes": {
    "binlore": {
      "inputs": {
        "flake-compat": [
          "flake-compat"
        ],
        "flake-utils": [
          "flake-utils"
        ],
        "nixpkgs": [
          "nixpkgs"
        ],
        "yallback": "yallback"
      },
      "locked": {
        "lastModified": 1724506462,
        "narHash": "sha256-K97Xa8qxjRDOcaQJJJlhvx/zmNkgIzPFftGifcRiMec=",
        "owner": "abathur",
        "repo": "binlore",
        "rev": "03cf33b66189053b9dbd6e086dcdb6b45dbc49cd",
        "type": "github"
      },
      "original": {
        "owner": "abathur",
        "repo": "binlore",
        "type": "github"
      }
    },
    "d-mark-python": {
      "inputs": {
        "flake-compat": [
          "wwurst",
          "flake-compat"
        ],
        "flake-utils": [
          "wwurst",
          "flake-utils"
        ],
        "nixpkgs": [
          "wwurst",
          "nixpkgs"
        ]
      },
      "locked": {
        "lastModified": 1698808549,
        "narHash": "sha256-a9HnPyiaD1makOxALPx2/J0N7/6NM4G6WXkemqppLUA=",
        "owner": "abathur",
        "repo": "d-mark-python",
        "rev": "0e25e464f0442f0e4c8bcfa8c6af030ab4e03528",
        "type": "github"
      },
      "original": {
        "owner": "abathur",
        "repo": "d-mark-python",
        "type": "github"
      }
    },
    "flake-compat": {
      "flake": false,
      "locked": {
        "lastModified": 1747046372,
        "narHash": "sha256-CIVLLkVgvHYbgI2UpXvIIBJ12HWgX+fjA8Xf8PUmqCY=",
        "owner": "edolstra",
        "repo": "flake-compat",
        "rev": "9100a0f413b0c601e0533d1d94ffd501ce2e7885",
        "type": "github"
      },
      "original": {
        "owner": "edolstra",
        "repo": "flake-compat",
        "type": "github"
      }
    },
    "flake-utils": {
      "inputs": {
        "systems": "systems"
      },
      "locked": {
        "lastModified": 1731533236,
        "narHash": "sha256-l0KFg5HjrsfsO/JpG+r7fRrqm12kzFHyUHqHCVpMMbI=",
        "owner": "numtide",
        "repo": "flake-utils",
        "rev": "11707dc2f618dd54ca8739b309ec4fc024de578b",
        "type": "github"
      },
      "original": {
        "owner": "numtide",
        "repo": "flake-utils",
        "type": "github"
      }
    },
    "nixpkgs": {
      "locked": {
        "lastModified": 1756819007,
        "narHash": "sha256-12V64nKG/O/guxSYnr5/nq1EfqwJCdD2+cIGmhz3nrE=",
        "owner": "nixos",
        "repo": "nixpkgs",
        "rev": "aaff8c16d7fc04991cac6245bee1baa31f72b1e1",
        "type": "github"
      },
      "original": {
        "owner": "nixos",
        "ref": "nixpkgs-unstable",
        "repo": "nixpkgs",
        "type": "github"
      }
    },
    "root": {
      "inputs": {
        "binlore": "binlore",
        "flake-compat": "flake-compat",
        "flake-utils": "flake-utils",
        "nixpkgs": "nixpkgs",
        "treefmt-nix": "treefmt-nix",
        "wwurst": "wwurst"
      }
    },
    "systems": {
      "locked": {
        "lastModified": 1681028828,
        "narHash": "sha256-Vy1rq5AaRuLzOxct8nz4T6wlgyUR7zLU309k9mBC768=",
        "owner": "nix-systems",
        "repo": "default",
        "rev": "da67096a3b9bf56a91d16901293e51ba5b49a27e",
        "type": "github"
      },
      "original": {
        "owner": "nix-systems",
        "repo": "default",
        "type": "github"
      }
    },
    "treefmt-nix": {
      "inputs": {
        "nixpkgs": [
          "nixpkgs"
        ]
      },
      "locked": {
        "lastModified": 1749194973,
        "narHash": "sha256-eEy8cuS0mZ2j/r/FE0/LYBSBcIs/MKOIVakwHVuqTfk=",
        "owner": "numtide",
        "repo": "treefmt-nix",
        "rev": "a05be418a1af1198ca0f63facb13c985db4cb3c5",
        "type": "github"
      },
      "original": {
        "owner": "numtide",
        "repo": "treefmt-nix",
        "type": "github"
      }
    },
    "wwurst": {
      "inputs": {
        "d-mark-python": "d-mark-python",
        "flake-compat": [
          "flake-compat"
        ],
        "flake-utils": [
          "flake-utils"
        ],
        "nixpkgs": [
          "nixpkgs"
        ]
      },
      "locked": {
        "lastModified": 1750551417,
        "narHash": "sha256-1nVEgbkvUfdRNp+yC276TcIas+vdALxA8qaNmay1F3w=",
        "owner": "abathur",
        "repo": "wordswurst",
        "rev": "58da84a3003ce82f59d5a180eb64473801b4f575",
        "type": "github"
      },
      "original": {
        "owner": "abathur",
        "repo": "wordswurst",
        "type": "github"
      }
    },
    "yallback": {
      "inputs": {
        "flake-compat": [
          "binlore",
          "flake-compat"
        ],
        "flake-utils": [
          "binlore",
          "flake-utils"
        ],
        "nixpkgs": [
          "binlore",
          "nixpkgs"
        ]
      },
      "locked": {
        "lastModified": 1695100875,
        "narHash": "sha256-4/IE4Hoh60vBAM34nEDgRiDpSSGuqCMUZmm88PA0q8k=",
        "owner": "abathur",
        "repo": "yallback",
        "rev": "e98c84ef60477035af7bb36177fd393f20280ae4",
        "type": "github"
      },
      "original": {
        "owner": "abathur",
        "repo": "yallback",
        "type": "github"
      }
    }
  },
  "root": "root",
  "version": 7
}
