{
  "nodes": {
    "binlore": {
      "inputs": {
        "flake-compat": [
          "flake-compat"
        ],
        "flake-utils": [
          "flake-utils"
        ],
        "nixpkgs": [
          "nixpkgs"
        ],
        "yallback": "yallback"
      },
      "locked": {
        "lastModified": 1711149136,
        "narHash": "sha256-CQOGpmH8eG8GLxC8xfUcdYvVcAwmpIkxohw4dCWwTc4=",
        "owner": "abathur",
        "repo": "binlore",
        "rev": "a425d4a1d06ab8d952f49d61fea292ede53dd25c",
        "type": "github"
      },
      "original": {
        "owner": "abathur",
        "repo": "binlore",
        "type": "github"
      }
    },
    "d-mark-python": {
      "inputs": {
        "flake-compat": [
          "wwurst",
          "flake-compat"
        ],
        "flake-utils": [
          "wwurst",
          "flake-utils"
        ],
        "nixpkgs": [
          "wwurst",
          "nixpkgs"
        ]
      },
      "locked": {
        "lastModified": 1695101569,
        "narHash": "sha256-NvqGEy9lbTX5lzvGEiJtwO97DGOd33yrBPdu2SowkZg=",
        "owner": "abathur",
        "repo": "d-mark-python",
        "rev": "da6d97b06333e7e8c6bd1f513b985e0e4649f73a",
        "type": "github"
      },
      "original": {
        "owner": "abathur",
        "ref": "draft",
        "repo": "d-mark-python",
        "type": "github"
      }
    },
    "flake-compat": {
      "flake": false,
      "locked": {
        "lastModified": 1696426674,
        "narHash": "sha256-kvjfFW7WAETZlt09AgDn1MrtKzP7t90Vf7vypd3OL1U=",
        "owner": "edolstra",
        "repo": "flake-compat",
        "rev": "0f9255e01c2351cc7d116c072cb317785dd33b33",
        "type": "github"
      },
      "original": {
        "owner": "edolstra",
        "repo": "flake-compat",
        "type": "github"
      }
    },
    "flake-utils": {
      "inputs": {
        "systems": "systems"
      },
      "locked": {
        "lastModified": 1705309234,
        "narHash": "sha256-uNRRNRKmJyCRC/8y1RqBkqWBLM034y4qN7EprSdmgyA=",
        "owner": "numtide",
        "repo": "flake-utils",
        "rev": "1ef2e671c3b0c19053962c07dbda38332dcebf26",
        "type": "github"
      },
      "original": {
        "owner": "numtide",
        "repo": "flake-utils",
        "type": "github"
      }
    },
    "nixpkgs": {
      "locked": {
        "lastModified": 1711540916,
        "narHash": "sha256-YSb2sngzabUV48OtQUqfhNGaXtC7rBPqYrXyMF45E6c=",
        "owner": "nixos",
        "repo": "nixpkgs",
        "rev": "7ead006108d7cb0cab4207dbdfa9b3e08afa47cb",
        "type": "github"
      },
      "original": {
        "owner": "nixos",
        "ref": "staging",
        "repo": "nixpkgs",
        "type": "github"
      }
    },
    "root": {
      "inputs": {
        "binlore": "binlore",
        "flake-compat": "flake-compat",
        "flake-utils": "flake-utils",
        "nixpkgs": "nixpkgs",
        "wwurst": "wwurst"
      }
    },
    "systems": {
      "locked": {
        "lastModified": 1681028828,
        "narHash": "sha256-Vy1rq5AaRuLzOxct8nz4T6wlgyUR7zLU309k9mBC768=",
        "owner": "nix-systems",
        "repo": "default",
        "rev": "da67096a3b9bf56a91d16901293e51ba5b49a27e",
        "type": "github"
      },
      "original": {
        "owner": "nix-systems",
        "repo": "default",
        "type": "github"
      }
    },
    "wwurst": {
      "inputs": {
        "d-mark-python": "d-mark-python",
        "flake-compat": [
          "flake-compat"
        ],
        "flake-utils": [
          "flake-utils"
        ],
        "nixpkgs": [
          "nixpkgs"
        ]
      },
      "locked": {
        "lastModified": 1695101647,
        "narHash": "sha256-fzloQiSPB0nAeQP/71avDZTHFIVnHw8BJPiZ3T24hCA=",
        "owner": "abathur",
        "repo": "wordswurst",
        "rev": "61a0ee22bbb7bea8d95568c0a43530fb4671139b",
        "type": "github"
      },
      "original": {
        "owner": "abathur",
        "repo": "wordswurst",
        "type": "github"
      }
    },
    "yallback": {
      "inputs": {
        "flake-compat": [
          "binlore",
          "flake-compat"
        ],
        "flake-utils": [
          "binlore",
          "flake-utils"
        ],
        "nixpkgs": [
          "binlore",
          "nixpkgs"
        ]
      },
      "locked": {
        "lastModified": 1695100875,
        "narHash": "sha256-4/IE4Hoh60vBAM34nEDgRiDpSSGuqCMUZmm88PA0q8k=",
        "owner": "abathur",
        "repo": "yallback",
        "rev": "e98c84ef60477035af7bb36177fd393f20280ae4",
        "type": "github"
      },
      "original": {
        "owner": "abathur",
        "repo": "yallback",
        "type": "github"
      }
    }
  },
  "root": "root",
  "version": 7
}
